// !$*UTF8*$!
{
	archiveVersion = 1;
	classes = {
	};
	objectVersion = 55;
	objects = {

/* Begin PBXBuildFile section */
		2A56B831C0EAD5C4E78FF197 /* Pods_RunningAndCycling.framework in Frameworks */ = {isa = PBXBuildFile; fileRef = 9E0668FA8072549654A29625 /* Pods_RunningAndCycling.framework */; };
		B41B3AE027BA742400C61AC9 /* NavigationBarController.swift in Sources */ = {isa = PBXBuildFile; fileRef = B41B3ADF27BA742400C61AC9 /* NavigationBarController.swift */; };
		B464CF4227AFE2D5004AE9DC /* AdviceCell.swift in Sources */ = {isa = PBXBuildFile; fileRef = B464CF4127AFE2D5004AE9DC /* AdviceCell.swift */; };
		B464CF4527AFE6B0004AE9DC /* Alamofire in Frameworks */ = {isa = PBXBuildFile; productRef = B464CF4427AFE6B0004AE9DC /* Alamofire */; };
		B464CF5327AFF2A2004AE9DC /* Hourly.swift in Sources */ = {isa = PBXBuildFile; fileRef = B464CF4B27AFF2A1004AE9DC /* Hourly.swift */; };
		B464CF5427AFF2A2004AE9DC /* Minutely.swift in Sources */ = {isa = PBXBuildFile; fileRef = B464CF4C27AFF2A2004AE9DC /* Minutely.swift */; };
		B464CF5527AFF2A2004AE9DC /* Temp.swift in Sources */ = {isa = PBXBuildFile; fileRef = B464CF4D27AFF2A2004AE9DC /* Temp.swift */; };
		B464CF5627AFF2A2004AE9DC /* WeatherResponse.swift in Sources */ = {isa = PBXBuildFile; fileRef = B464CF4E27AFF2A2004AE9DC /* WeatherResponse.swift */; };
		B464CF5727AFF2A2004AE9DC /* Weather.swift in Sources */ = {isa = PBXBuildFile; fileRef = B464CF4F27AFF2A2004AE9DC /* Weather.swift */; };
		B464CF5827AFF2A2004AE9DC /* Feels_like.swift in Sources */ = {isa = PBXBuildFile; fileRef = B464CF5027AFF2A2004AE9DC /* Feels_like.swift */; };
		B464CF5927AFF2A2004AE9DC /* Current.swift in Sources */ = {isa = PBXBuildFile; fileRef = B464CF5127AFF2A2004AE9DC /* Current.swift */; };
		B464CF5A27AFF2A2004AE9DC /* Daily.swift in Sources */ = {isa = PBXBuildFile; fileRef = B464CF5227AFF2A2004AE9DC /* Daily.swift */; };
		B464CF5C27AFF4F8004AE9DC /* APIManager.swift in Sources */ = {isa = PBXBuildFile; fileRef = B464CF5B27AFF4F8004AE9DC /* APIManager.swift */; };
		B49B859627AB023900C8D864 /* AppDelegate.swift in Sources */ = {isa = PBXBuildFile; fileRef = B49B859527AB023900C8D864 /* AppDelegate.swift */; };
		B49B859827AB023900C8D864 /* SceneDelegate.swift in Sources */ = {isa = PBXBuildFile; fileRef = B49B859727AB023900C8D864 /* SceneDelegate.swift */; };
		B49B859A27AB023900C8D864 /* MainViewController.swift in Sources */ = {isa = PBXBuildFile; fileRef = B49B859927AB023900C8D864 /* MainViewController.swift */; };
		B49B859F27AB023D00C8D864 /* Assets.xcassets in Resources */ = {isa = PBXBuildFile; fileRef = B49B859E27AB023D00C8D864 /* Assets.xcassets */; };
		B49B85A227AB023D00C8D864 /* LaunchScreen.storyboard in Resources */ = {isa = PBXBuildFile; fileRef = B49B85A027AB023D00C8D864 /* LaunchScreen.storyboard */; };
		B49B85AD27AB0DAE00C8D864 /* MainViewController.xib in Resources */ = {isa = PBXBuildFile; fileRef = B49B85AC27AB0DAE00C8D864 /* MainViewController.xib */; };
		B49B85B027AB14BD00C8D864 /* RunningViewController.swift in Sources */ = {isa = PBXBuildFile; fileRef = B49B85AE27AB14BD00C8D864 /* RunningViewController.swift */; };
		B49B85B127AB14BD00C8D864 /* RunningViewController.xib in Resources */ = {isa = PBXBuildFile; fileRef = B49B85AF27AB14BD00C8D864 /* RunningViewController.xib */; };
		B49B85B427AB14E700C8D864 /* CyclingViewController.swift in Sources */ = {isa = PBXBuildFile; fileRef = B49B85B227AB14E700C8D864 /* CyclingViewController.swift */; };
		B49B85B527AB14E700C8D864 /* CyclingViewController.xib in Resources */ = {isa = PBXBuildFile; fileRef = B49B85B327AB14E700C8D864 /* CyclingViewController.xib */; };
		B49B85B927AC39A800C8D864 /* TabBarController.swift in Sources */ = {isa = PBXBuildFile; fileRef = B49B85B827AC39A800C8D864 /* TabBarController.swift */; };
		B49B85BB27AC3C5100C8D864 /* ProfileViewController.swift in Sources */ = {isa = PBXBuildFile; fileRef = B49B85BA27AC3C5100C8D864 /* ProfileViewController.swift */; };
		B49B85C227AC448900C8D864 /* CurrentWeatherCell.swift in Sources */ = {isa = PBXBuildFile; fileRef = B49B85C127AC448800C8D864 /* CurrentWeatherCell.swift */; };
		B49B85C527AC48A500C8D864 /* MainWeatherViewModel.swift in Sources */ = {isa = PBXBuildFile; fileRef = B49B85C427AC48A500C8D864 /* MainWeatherViewModel.swift */; };
		B49B85C727AEFC6900C8D864 /* HourlyWeatherCell.swift in Sources */ = {isa = PBXBuildFile; fileRef = B49B85C627AEFC6800C8D864 /* HourlyWeatherCell.swift */; };
		B49B85C927AEFCAB00C8D864 /* HourlyWeatherCollectionViewCell.swift in Sources */ = {isa = PBXBuildFile; fileRef = B49B85C827AEFCAB00C8D864 /* HourlyWeatherCollectionViewCell.swift */; };
		B49B85CB27AF043800C8D864 /* AchievementCell.swift in Sources */ = {isa = PBXBuildFile; fileRef = B49B85CA27AF043800C8D864 /* AchievementCell.swift */; };
/* End PBXBuildFile section */

/* Begin PBXFileReference section */
		898595D49487A80AA2A7A62C /* Pods-RunningAndCycling.release.xcconfig */ = {isa = PBXFileReference; includeInIndex = 1; lastKnownFileType = text.xcconfig; name = "Pods-RunningAndCycling.release.xcconfig"; path = "Target Support Files/Pods-RunningAndCycling/Pods-RunningAndCycling.release.xcconfig"; sourceTree = "<group>"; };
		8FCA83BEAF29305E53EBDA47 /* Pods-RunningAndCycling.debug.xcconfig */ = {isa = PBXFileReference; includeInIndex = 1; lastKnownFileType = text.xcconfig; name = "Pods-RunningAndCycling.debug.xcconfig"; path = "Target Support Files/Pods-RunningAndCycling/Pods-RunningAndCycling.debug.xcconfig"; sourceTree = "<group>"; };
		9E0668FA8072549654A29625 /* Pods_RunningAndCycling.framework */ = {isa = PBXFileReference; explicitFileType = wrapper.framework; includeInIndex = 0; path = Pods_RunningAndCycling.framework; sourceTree = BUILT_PRODUCTS_DIR; };
		B41B3ADF27BA742400C61AC9 /* NavigationBarController.swift */ = {isa = PBXFileReference; lastKnownFileType = sourcecode.swift; path = NavigationBarController.swift; sourceTree = "<group>"; };
		B464CF4127AFE2D5004AE9DC /* AdviceCell.swift */ = {isa = PBXFileReference; lastKnownFileType = sourcecode.swift; path = AdviceCell.swift; sourceTree = "<group>"; };
		B464CF4B27AFF2A1004AE9DC /* Hourly.swift */ = {isa = PBXFileReference; fileEncoding = 4; lastKnownFileType = sourcecode.swift; path = Hourly.swift; sourceTree = "<group>"; };
		B464CF4C27AFF2A2004AE9DC /* Minutely.swift */ = {isa = PBXFileReference; fileEncoding = 4; lastKnownFileType = sourcecode.swift; path = Minutely.swift; sourceTree = "<group>"; };
		B464CF4D27AFF2A2004AE9DC /* Temp.swift */ = {isa = PBXFileReference; fileEncoding = 4; lastKnownFileType = sourcecode.swift; path = Temp.swift; sourceTree = "<group>"; };
		B464CF4E27AFF2A2004AE9DC /* WeatherResponse.swift */ = {isa = PBXFileReference; fileEncoding = 4; lastKnownFileType = sourcecode.swift; path = WeatherResponse.swift; sourceTree = "<group>"; };
		B464CF4F27AFF2A2004AE9DC /* Weather.swift */ = {isa = PBXFileReference; fileEncoding = 4; lastKnownFileType = sourcecode.swift; path = Weather.swift; sourceTree = "<group>"; };
		B464CF5027AFF2A2004AE9DC /* Feels_like.swift */ = {isa = PBXFileReference; fileEncoding = 4; lastKnownFileType = sourcecode.swift; path = Feels_like.swift; sourceTree = "<group>"; };
		B464CF5127AFF2A2004AE9DC /* Current.swift */ = {isa = PBXFileReference; fileEncoding = 4; lastKnownFileType = sourcecode.swift; path = Current.swift; sourceTree = "<group>"; };
		B464CF5227AFF2A2004AE9DC /* Daily.swift */ = {isa = PBXFileReference; fileEncoding = 4; lastKnownFileType = sourcecode.swift; path = Daily.swift; sourceTree = "<group>"; };
		B464CF5B27AFF4F8004AE9DC /* APIManager.swift */ = {isa = PBXFileReference; lastKnownFileType = sourcecode.swift; path = APIManager.swift; sourceTree = "<group>"; };
		B49B859227AB023900C8D864 /* RunningAndCycling.app */ = {isa = PBXFileReference; explicitFileType = wrapper.application; includeInIndex = 0; path = RunningAndCycling.app; sourceTree = BUILT_PRODUCTS_DIR; };
		B49B859527AB023900C8D864 /* AppDelegate.swift */ = {isa = PBXFileReference; lastKnownFileType = sourcecode.swift; path = AppDelegate.swift; sourceTree = "<group>"; };
		B49B859727AB023900C8D864 /* SceneDelegate.swift */ = {isa = PBXFileReference; lastKnownFileType = sourcecode.swift; path = SceneDelegate.swift; sourceTree = "<group>"; };
		B49B859927AB023900C8D864 /* MainViewController.swift */ = {isa = PBXFileReference; lastKnownFileType = sourcecode.swift; path = MainViewController.swift; sourceTree = "<group>"; };
		B49B859E27AB023D00C8D864 /* Assets.xcassets */ = {isa = PBXFileReference; lastKnownFileType = folder.assetcatalog; path = Assets.xcassets; sourceTree = "<group>"; };
		B49B85A127AB023D00C8D864 /* Base */ = {isa = PBXFileReference; lastKnownFileType = file.storyboard; name = Base; path = Base.lproj/LaunchScreen.storyboard; sourceTree = "<group>"; };
		B49B85A327AB023D00C8D864 /* Info.plist */ = {isa = PBXFileReference; lastKnownFileType = text.plist.xml; path = Info.plist; sourceTree = "<group>"; };
		B49B85AC27AB0DAE00C8D864 /* MainViewController.xib */ = {isa = PBXFileReference; lastKnownFileType = file.xib; path = MainViewController.xib; sourceTree = "<group>"; };
		B49B85AE27AB14BD00C8D864 /* RunningViewController.swift */ = {isa = PBXFileReference; lastKnownFileType = sourcecode.swift; path = RunningViewController.swift; sourceTree = "<group>"; };
		B49B85AF27AB14BD00C8D864 /* RunningViewController.xib */ = {isa = PBXFileReference; lastKnownFileType = file.xib; path = RunningViewController.xib; sourceTree = "<group>"; };
		B49B85B227AB14E700C8D864 /* CyclingViewController.swift */ = {isa = PBXFileReference; lastKnownFileType = sourcecode.swift; path = CyclingViewController.swift; sourceTree = "<group>"; };
		B49B85B327AB14E700C8D864 /* CyclingViewController.xib */ = {isa = PBXFileReference; lastKnownFileType = file.xib; path = CyclingViewController.xib; sourceTree = "<group>"; };
		B49B85B827AC39A800C8D864 /* TabBarController.swift */ = {isa = PBXFileReference; lastKnownFileType = sourcecode.swift; path = TabBarController.swift; sourceTree = "<group>"; };
		B49B85BA27AC3C5100C8D864 /* ProfileViewController.swift */ = {isa = PBXFileReference; lastKnownFileType = sourcecode.swift; path = ProfileViewController.swift; sourceTree = "<group>"; };
		B49B85C127AC448800C8D864 /* CurrentWeatherCell.swift */ = {isa = PBXFileReference; lastKnownFileType = sourcecode.swift; path = CurrentWeatherCell.swift; sourceTree = "<group>"; };
		B49B85C427AC48A500C8D864 /* MainWeatherViewModel.swift */ = {isa = PBXFileReference; lastKnownFileType = sourcecode.swift; path = MainWeatherViewModel.swift; sourceTree = "<group>"; };
		B49B85C627AEFC6800C8D864 /* HourlyWeatherCell.swift */ = {isa = PBXFileReference; lastKnownFileType = sourcecode.swift; path = HourlyWeatherCell.swift; sourceTree = "<group>"; };
		B49B85C827AEFCAB00C8D864 /* HourlyWeatherCollectionViewCell.swift */ = {isa = PBXFileReference; lastKnownFileType = sourcecode.swift; path = HourlyWeatherCollectionViewCell.swift; sourceTree = "<group>"; };
		B49B85CA27AF043800C8D864 /* AchievementCell.swift */ = {isa = PBXFileReference; lastKnownFileType = sourcecode.swift; path = AchievementCell.swift; sourceTree = "<group>"; };
/* End PBXFileReference section */

/* Begin PBXFrameworksBuildPhase section */
		B49B858F27AB023900C8D864 /* Frameworks */ = {
			isa = PBXFrameworksBuildPhase;
			buildActionMask = 2147483647;
			files = (
				2A56B831C0EAD5C4E78FF197 /* Pods_RunningAndCycling.framework in Frameworks */,
				B464CF4527AFE6B0004AE9DC /* Alamofire in Frameworks */,
			);
			runOnlyForDeploymentPostprocessing = 0;
		};
/* End PBXFrameworksBuildPhase section */

/* Begin PBXGroup section */
		9DA477835659866D771DD167 /* Pods */ = {
			isa = PBXGroup;
			children = (
				8FCA83BEAF29305E53EBDA47 /* Pods-RunningAndCycling.debug.xcconfig */,
				898595D49487A80AA2A7A62C /* Pods-RunningAndCycling.release.xcconfig */,
			);
			path = Pods;
			sourceTree = "<group>";
		};
		B464CF4927AFEFDB004AE9DC /* API Manager */ = {
			isa = PBXGroup;
			children = (
				B464CF4A27AFF250004AE9DC /* Weather Responce */,
				B464CF5B27AFF4F8004AE9DC /* APIManager.swift */,
			);
			path = "API Manager";
			sourceTree = "<group>";
		};
		B464CF4A27AFF250004AE9DC /* Weather Responce */ = {
			isa = PBXGroup;
			children = (
				B464CF4E27AFF2A2004AE9DC /* WeatherResponse.swift */,
				B464CF5127AFF2A2004AE9DC /* Current.swift */,
				B464CF4B27AFF2A1004AE9DC /* Hourly.swift */,
				B464CF5027AFF2A2004AE9DC /* Feels_like.swift */,
				B464CF5227AFF2A2004AE9DC /* Daily.swift */,
				B464CF4C27AFF2A2004AE9DC /* Minutely.swift */,
				B464CF4D27AFF2A2004AE9DC /* Temp.swift */,
				B464CF4F27AFF2A2004AE9DC /* Weather.swift */,
			);
			path = "Weather Responce";
			sourceTree = "<group>";
		};
		B49B858927AB023900C8D864 = {
			isa = PBXGroup;
			children = (
				B49B859427AB023900C8D864 /* RunningAndCycling */,
				B49B859327AB023900C8D864 /* Products */,
				9DA477835659866D771DD167 /* Pods */,
				C175BF12AFAD81CB5AF34108 /* Frameworks */,
			);
			sourceTree = "<group>";
		};
		B49B859327AB023900C8D864 /* Products */ = {
			isa = PBXGroup;
			children = (
				B49B859227AB023900C8D864 /* RunningAndCycling.app */,
			);
			name = Products;
			sourceTree = "<group>";
		};
		B49B859427AB023900C8D864 /* RunningAndCycling */ = {
			isa = PBXGroup;
			children = (
				B464CF4927AFEFDB004AE9DC /* API Manager */,
				B49B85B727AC392F00C8D864 /* Navigation */,
				B49B85B627AB151F00C8D864 /* ViewControllers */,
				B49B85A927AB026900C8D864 /* Support */,
				B49B85A327AB023D00C8D864 /* Info.plist */,
			);
			path = RunningAndCycling;
			sourceTree = "<group>";
		};
		B49B85A927AB026900C8D864 /* Support */ = {
			isa = PBXGroup;
			children = (
				B49B859527AB023900C8D864 /* AppDelegate.swift */,
				B49B859727AB023900C8D864 /* SceneDelegate.swift */,
				B49B859E27AB023D00C8D864 /* Assets.xcassets */,
				B49B85A027AB023D00C8D864 /* LaunchScreen.storyboard */,
			);
			path = Support;
			sourceTree = "<group>";
		};
		B49B85B627AB151F00C8D864 /* ViewControllers */ = {
			isa = PBXGroup;
			children = (
				B49B85BC27AC40AD00C8D864 /* Main */,
				B49B85BE27AC40DC00C8D864 /* Cycling */,
				B49B85BD27AC40C200C8D864 /* Running */,
				B49B85BF27AC40F000C8D864 /* Profile */,
			);
			path = ViewControllers;
			sourceTree = "<group>";
		};
		B49B85B727AC392F00C8D864 /* Navigation */ = {
			isa = PBXGroup;
			children = (
				B49B85B827AC39A800C8D864 /* TabBarController.swift */,
				B41B3ADF27BA742400C61AC9 /* NavigationBarController.swift */,
			);
			path = Navigation;
			sourceTree = "<group>";
		};
		B49B85BC27AC40AD00C8D864 /* Main */ = {
			isa = PBXGroup;
			children = (
				B49B85CD27AF072C00C8D864 /* Model */,
				B49B85C027AC43DC00C8D864 /* Cells */,
				B49B859927AB023900C8D864 /* MainViewController.swift */,
				B49B85AC27AB0DAE00C8D864 /* MainViewController.xib */,
			);
			path = Main;
			sourceTree = "<group>";
		};
		B49B85BD27AC40C200C8D864 /* Running */ = {
			isa = PBXGroup;
			children = (
				B49B85AE27AB14BD00C8D864 /* RunningViewController.swift */,
				B49B85B327AB14E700C8D864 /* CyclingViewController.xib */,
			);
			path = Running;
			sourceTree = "<group>";
		};
		B49B85BE27AC40DC00C8D864 /* Cycling */ = {
			isa = PBXGroup;
			children = (
				B49B85B227AB14E700C8D864 /* CyclingViewController.swift */,
				B49B85AF27AB14BD00C8D864 /* RunningViewController.xib */,
			);
			path = Cycling;
			sourceTree = "<group>";
		};
		B49B85BF27AC40F000C8D864 /* Profile */ = {
			isa = PBXGroup;
			children = (
				B49B85BA27AC3C5100C8D864 /* ProfileViewController.swift */,
			);
			path = Profile;
			sourceTree = "<group>";
		};
		B49B85C027AC43DC00C8D864 /* Cells */ = {
			isa = PBXGroup;
			children = (
				B49B85CC27AF06BF00C8D864 /* CollectionViewCells */,
				B49B85CA27AF043800C8D864 /* AchievementCell.swift */,
				B49B85C127AC448800C8D864 /* CurrentWeatherCell.swift */,
				B49B85C627AEFC6800C8D864 /* HourlyWeatherCell.swift */,
				B464CF4127AFE2D5004AE9DC /* AdviceCell.swift */,
			);
			path = Cells;
			sourceTree = "<group>";
		};
		B49B85CC27AF06BF00C8D864 /* CollectionViewCells */ = {
			isa = PBXGroup;
			children = (
				B49B85C827AEFCAB00C8D864 /* HourlyWeatherCollectionViewCell.swift */,
			);
			path = CollectionViewCells;
			sourceTree = "<group>";
		};
		B49B85CD27AF072C00C8D864 /* Model */ = {
			isa = PBXGroup;
			children = (
				B49B85C427AC48A500C8D864 /* MainWeatherViewModel.swift */,
			);
			path = Model;
			sourceTree = "<group>";
		};
		C175BF12AFAD81CB5AF34108 /* Frameworks */ = {
			isa = PBXGroup;
			children = (
				9E0668FA8072549654A29625 /* Pods_RunningAndCycling.framework */,
			);
			name = Frameworks;
			sourceTree = "<group>";
		};
/* End PBXGroup section */

/* Begin PBXNativeTarget section */
		B49B859127AB023900C8D864 /* RunningAndCycling */ = {
			isa = PBXNativeTarget;
			buildConfigurationList = B49B85A627AB023D00C8D864 /* Build configuration list for PBXNativeTarget "RunningAndCycling" */;
			buildPhases = (
				C835538AD55DE73B0DA8B369 /* [CP] Check Pods Manifest.lock */,
				B49B858E27AB023900C8D864 /* Sources */,
				B49B858F27AB023900C8D864 /* Frameworks */,
				B49B859027AB023900C8D864 /* Resources */,
				7F4F458C479555FEEBF90472 /* [CP] Embed Pods Frameworks */,
			);
			buildRules = (
			);
			dependencies = (
			);
			name = RunningAndCycling;
			packageProductDependencies = (
				B464CF4427AFE6B0004AE9DC /* Alamofire */,
			);
			productName = RunningAndCycling;
			productReference = B49B859227AB023900C8D864 /* RunningAndCycling.app */;
			productType = "com.apple.product-type.application";
		};
/* End PBXNativeTarget section */

/* Begin PBXProject section */
		B49B858A27AB023900C8D864 /* Project object */ = {
			isa = PBXProject;
			attributes = {
				BuildIndependentTargetsInParallel = 1;
				LastSwiftUpdateCheck = 1320;
				LastUpgradeCheck = 1320;
				TargetAttributes = {
					B49B859127AB023900C8D864 = {
						CreatedOnToolsVersion = 13.2.1;
					};
				};
			};
			buildConfigurationList = B49B858D27AB023900C8D864 /* Build configuration list for PBXProject "RunningAndCycling" */;
			compatibilityVersion = "Xcode 13.0";
			developmentRegion = en;
			hasScannedForEncodings = 0;
			knownRegions = (
				en,
				Base,
			);
			mainGroup = B49B858927AB023900C8D864;
			packageReferences = (
				B464CF4327AFE6B0004AE9DC /* XCRemoteSwiftPackageReference "Alamofire" */,
			);
			productRefGroup = B49B859327AB023900C8D864 /* Products */;
			projectDirPath = "";
			projectRoot = "";
			targets = (
				B49B859127AB023900C8D864 /* RunningAndCycling */,
			);
		};
/* End PBXProject section */

/* Begin PBXResourcesBuildPhase section */
		B49B859027AB023900C8D864 /* Resources */ = {
			isa = PBXResourcesBuildPhase;
			buildActionMask = 2147483647;
			files = (
				B49B85A227AB023D00C8D864 /* LaunchScreen.storyboard in Resources */,
				B49B85AD27AB0DAE00C8D864 /* MainViewController.xib in Resources */,
				B49B85B527AB14E700C8D864 /* CyclingViewController.xib in Resources */,
				B49B85B127AB14BD00C8D864 /* RunningViewController.xib in Resources */,
				B49B859F27AB023D00C8D864 /* Assets.xcassets in Resources */,
			);
			runOnlyForDeploymentPostprocessing = 0;
		};
/* End PBXResourcesBuildPhase section */

/* Begin PBXShellScriptBuildPhase section */
		7F4F458C479555FEEBF90472 /* [CP] Embed Pods Frameworks */ = {
			isa = PBXShellScriptBuildPhase;
			buildActionMask = 2147483647;
			files = (
			);
			inputFileListPaths = (
				"${PODS_ROOT}/Target Support Files/Pods-RunningAndCycling/Pods-RunningAndCycling-frameworks-${CONFIGURATION}-input-files.xcfilelist",
			);
			name = "[CP] Embed Pods Frameworks";
			outputFileListPaths = (
				"${PODS_ROOT}/Target Support Files/Pods-RunningAndCycling/Pods-RunningAndCycling-frameworks-${CONFIGURATION}-output-files.xcfilelist",
			);
			runOnlyForDeploymentPostprocessing = 0;
			shellPath = /bin/sh;
			shellScript = "\"${PODS_ROOT}/Target Support Files/Pods-RunningAndCycling/Pods-RunningAndCycling-frameworks.sh\"\n";
			showEnvVarsInLog = 0;
		};
		C835538AD55DE73B0DA8B369 /* [CP] Check Pods Manifest.lock */ = {
			isa = PBXShellScriptBuildPhase;
			buildActionMask = 2147483647;
			files = (
			);
			inputFileListPaths = (
			);
			inputPaths = (
				"${PODS_PODFILE_DIR_PATH}/Podfile.lock",
				"${PODS_ROOT}/Manifest.lock",
			);
			name = "[CP] Check Pods Manifest.lock";
			outputFileListPaths = (
			);
			outputPaths = (
				"$(DERIVED_FILE_DIR)/Pods-RunningAndCycling-checkManifestLockResult.txt",
			);
			runOnlyForDeploymentPostprocessing = 0;
			shellPath = /bin/sh;
			shellScript = "diff \"${PODS_PODFILE_DIR_PATH}/Podfile.lock\" \"${PODS_ROOT}/Manifest.lock\" > /dev/null\nif [ $? != 0 ] ; then\n    # print error to STDERR\n    echo \"error: The sandbox is not in sync with the Podfile.lock. Run 'pod install' or update your CocoaPods installation.\" >&2\n    exit 1\nfi\n# This output is used by Xcode 'outputs' to avoid re-running this script phase.\necho \"SUCCESS\" > \"${SCRIPT_OUTPUT_FILE_0}\"\n";
			showEnvVarsInLog = 0;
		};
/* End PBXShellScriptBuildPhase section */

/* Begin PBXSourcesBuildPhase section */
		B49B858E27AB023900C8D864 /* Sources */ = {
			isa = PBXSourcesBuildPhase;
			buildActionMask = 2147483647;
			files = (
				B49B85C727AEFC6900C8D864 /* HourlyWeatherCell.swift in Sources */,
				B464CF5827AFF2A2004AE9DC /* Feels_like.swift in Sources */,
				B464CF5427AFF2A2004AE9DC /* Minutely.swift in Sources */,
				B49B85CB27AF043800C8D864 /* AchievementCell.swift in Sources */,
				B464CF5C27AFF4F8004AE9DC /* APIManager.swift in Sources */,
				B49B85C227AC448900C8D864 /* CurrentWeatherCell.swift in Sources */,
				B464CF5727AFF2A2004AE9DC /* Weather.swift in Sources */,
				B49B859A27AB023900C8D864 /* MainViewController.swift in Sources */,
				B49B85B927AC39A800C8D864 /* TabBarController.swift in Sources */,
				B49B85BB27AC3C5100C8D864 /* ProfileViewController.swift in Sources */,
				B464CF5327AFF2A2004AE9DC /* Hourly.swift in Sources */,
				B49B85B427AB14E700C8D864 /* CyclingViewController.swift in Sources */,
				B464CF5927AFF2A2004AE9DC /* Current.swift in Sources */,
				B49B85C527AC48A500C8D864 /* MainWeatherViewModel.swift in Sources */,
				B41B3AE027BA742400C61AC9 /* NavigationBarController.swift in Sources */,
				B49B859627AB023900C8D864 /* AppDelegate.swift in Sources */,
				B464CF5527AFF2A2004AE9DC /* Temp.swift in Sources */,
				B464CF5627AFF2A2004AE9DC /* WeatherResponse.swift in Sources */,
				B49B85C927AEFCAB00C8D864 /* HourlyWeatherCollectionViewCell.swift in Sources */,
				B49B85B027AB14BD00C8D864 /* RunningViewController.swift in Sources */,
				B49B859827AB023900C8D864 /* SceneDelegate.swift in Sources */,
				B464CF4227AFE2D5004AE9DC /* AdviceCell.swift in Sources */,
				B464CF5A27AFF2A2004AE9DC /* Daily.swift in Sources */,
			);
			runOnlyForDeploymentPostprocessing = 0;
		};
/* End PBXSourcesBuildPhase section */

/* Begin PBXVariantGroup section */
		B49B85A027AB023D00C8D864 /* LaunchScreen.storyboard */ = {
			isa = PBXVariantGroup;
			children = (
				B49B85A127AB023D00C8D864 /* Base */,
			);
			name = LaunchScreen.storyboard;
			sourceTree = "<group>";
		};
/* End PBXVariantGroup section */

/* Begin XCBuildConfiguration section */
		B49B85A427AB023D00C8D864 /* Debug */ = {
			isa = XCBuildConfiguration;
			buildSettings = {
				ALWAYS_SEARCH_USER_PATHS = NO;
				CLANG_ANALYZER_NONNULL = YES;
				CLANG_ANALYZER_NUMBER_OBJECT_CONVERSION = YES_AGGRESSIVE;
				CLANG_CXX_LANGUAGE_STANDARD = "gnu++17";
				CLANG_CXX_LIBRARY = "libc++";
				CLANG_ENABLE_MODULES = YES;
				CLANG_ENABLE_OBJC_ARC = YES;
				CLANG_ENABLE_OBJC_WEAK = YES;
				CLANG_WARN_BLOCK_CAPTURE_AUTORELEASING = YES;
				CLANG_WARN_BOOL_CONVERSION = YES;
				CLANG_WARN_COMMA = YES;
				CLANG_WARN_CONSTANT_CONVERSION = YES;
				CLANG_WARN_DEPRECATED_OBJC_IMPLEMENTATIONS = YES;
				CLANG_WARN_DIRECT_OBJC_ISA_USAGE = YES_ERROR;
				CLANG_WARN_DOCUMENTATION_COMMENTS = YES;
				CLANG_WARN_EMPTY_BODY = YES;
				CLANG_WARN_ENUM_CONVERSION = YES;
				CLANG_WARN_INFINITE_RECURSION = YES;
				CLANG_WARN_INT_CONVERSION = YES;
				CLANG_WARN_NON_LITERAL_NULL_CONVERSION = YES;
				CLANG_WARN_OBJC_IMPLICIT_RETAIN_SELF = YES;
				CLANG_WARN_OBJC_LITERAL_CONVERSION = YES;
				CLANG_WARN_OBJC_ROOT_CLASS = YES_ERROR;
				CLANG_WARN_QUOTED_INCLUDE_IN_FRAMEWORK_HEADER = YES;
				CLANG_WARN_RANGE_LOOP_ANALYSIS = YES;
				CLANG_WARN_STRICT_PROTOTYPES = YES;
				CLANG_WARN_SUSPICIOUS_MOVE = YES;
				CLANG_WARN_UNGUARDED_AVAILABILITY = YES_AGGRESSIVE;
				CLANG_WARN_UNREACHABLE_CODE = YES;
				CLANG_WARN__DUPLICATE_METHOD_MATCH = YES;
				COPY_PHASE_STRIP = NO;
				DEBUG_INFORMATION_FORMAT = dwarf;
				ENABLE_STRICT_OBJC_MSGSEND = YES;
				ENABLE_TESTABILITY = YES;
				GCC_C_LANGUAGE_STANDARD = gnu11;
				GCC_DYNAMIC_NO_PIC = NO;
				GCC_NO_COMMON_BLOCKS = YES;
				GCC_OPTIMIZATION_LEVEL = 0;
				GCC_PREPROCESSOR_DEFINITIONS = (
					"DEBUG=1",
					"$(inherited)",
				);
				GCC_WARN_64_TO_32_BIT_CONVERSION = YES;
				GCC_WARN_ABOUT_RETURN_TYPE = YES_ERROR;
				GCC_WARN_UNDECLARED_SELECTOR = YES;
				GCC_WARN_UNINITIALIZED_AUTOS = YES_AGGRESSIVE;
				GCC_WARN_UNUSED_FUNCTION = YES;
				GCC_WARN_UNUSED_VARIABLE = YES;
				IPHONEOS_DEPLOYMENT_TARGET = 15.2;
				MTL_ENABLE_DEBUG_INFO = INCLUDE_SOURCE;
				MTL_FAST_MATH = YES;
				ONLY_ACTIVE_ARCH = YES;
				SDKROOT = iphoneos;
				SWIFT_ACTIVE_COMPILATION_CONDITIONS = DEBUG;
				SWIFT_OPTIMIZATION_LEVEL = "-Onone";
			};
			name = Debug;
		};
		B49B85A527AB023D00C8D864 /* Release */ = {
			isa = XCBuildConfiguration;
			buildSettings = {
				ALWAYS_SEARCH_USER_PATHS = NO;
				CLANG_ANALYZER_NONNULL = YES;
				CLANG_ANALYZER_NUMBER_OBJECT_CONVERSION = YES_AGGRESSIVE;
				CLANG_CXX_LANGUAGE_STANDARD = "gnu++17";
				CLANG_CXX_LIBRARY = "libc++";
				CLANG_ENABLE_MODULES = YES;
				CLANG_ENABLE_OBJC_ARC = YES;
				CLANG_ENABLE_OBJC_WEAK = YES;
				CLANG_WARN_BLOCK_CAPTURE_AUTORELEASING = YES;
				CLANG_WARN_BOOL_CONVERSION = YES;
				CLANG_WARN_COMMA = YES;
				CLANG_WARN_CONSTANT_CONVERSION = YES;
				CLANG_WARN_DEPRECATED_OBJC_IMPLEMENTATIONS = YES;
				CLANG_WARN_DIRECT_OBJC_ISA_USAGE = YES_ERROR;
				CLANG_WARN_DOCUMENTATION_COMMENTS = YES;
				CLANG_WARN_EMPTY_BODY = YES;
				CLANG_WARN_ENUM_CONVERSION = YES;
				CLANG_WARN_INFINITE_RECURSION = YES;
				CLANG_WARN_INT_CONVERSION = YES;
				CLANG_WARN_NON_LITERAL_NULL_CONVERSION = YES;
				CLANG_WARN_OBJC_IMPLICIT_RETAIN_SELF = YES;
				CLANG_WARN_OBJC_LITERAL_CONVERSION = YES;
				CLANG_WARN_OBJC_ROOT_CLASS = YES_ERROR;
				CLANG_WARN_QUOTED_INCLUDE_IN_FRAMEWORK_HEADER = YES;
				CLANG_WARN_RANGE_LOOP_ANALYSIS = YES;
				CLANG_WARN_STRICT_PROTOTYPES = YES;
				CLANG_WARN_SUSPICIOUS_MOVE = YES;
				CLANG_WARN_UNGUARDED_AVAILABILITY = YES_AGGRESSIVE;
				CLANG_WARN_UNREACHABLE_CODE = YES;
				CLANG_WARN__DUPLICATE_METHOD_MATCH = YES;
				COPY_PHASE_STRIP = NO;
				DEBUG_INFORMATION_FORMAT = "dwarf-with-dsym";
				ENABLE_NS_ASSERTIONS = NO;
				ENABLE_STRICT_OBJC_MSGSEND = YES;
				GCC_C_LANGUAGE_STANDARD = gnu11;
				GCC_NO_COMMON_BLOCKS = YES;
				GCC_WARN_64_TO_32_BIT_CONVERSION = YES;
				GCC_WARN_ABOUT_RETURN_TYPE = YES_ERROR;
				GCC_WARN_UNDECLARED_SELECTOR = YES;
				GCC_WARN_UNINITIALIZED_AUTOS = YES_AGGRESSIVE;
				GCC_WARN_UNUSED_FUNCTION = YES;
				GCC_WARN_UNUSED_VARIABLE = YES;
				IPHONEOS_DEPLOYMENT_TARGET = 15.2;
				MTL_ENABLE_DEBUG_INFO = NO;
				MTL_FAST_MATH = YES;
				SDKROOT = iphoneos;
				SWIFT_COMPILATION_MODE = wholemodule;
				SWIFT_OPTIMIZATION_LEVEL = "-O";
				VALIDATE_PRODUCT = YES;
			};
			name = Release;
		};
		B49B85A727AB023D00C8D864 /* Debug */ = {
			isa = XCBuildConfiguration;
			baseConfigurationReference = 8FCA83BEAF29305E53EBDA47 /* Pods-RunningAndCycling.debug.xcconfig */;
			buildSettings = {
				ASSETCATALOG_COMPILER_APPICON_NAME = AppIcon;
				ASSETCATALOG_COMPILER_GLOBAL_ACCENT_COLOR_NAME = AccentColor;
				CODE_SIGN_STYLE = Automatic;
				CURRENT_PROJECT_VERSION = 1;
				DEVELOPMENT_TEAM = ZZK4T7Z935;
				GENERATE_INFOPLIST_FILE = YES;
				INFOPLIST_FILE = RunningAndCycling/Info.plist;
				INFOPLIST_KEY_UIApplicationSupportsIndirectInputEvents = YES;
				INFOPLIST_KEY_UILaunchStoryboardName = LaunchScreen;
				INFOPLIST_KEY_UISupportedInterfaceOrientations_iPad = "UIInterfaceOrientationPortrait UIInterfaceOrientationPortraitUpsideDown UIInterfaceOrientationLandscapeLeft UIInterfaceOrientationLandscapeRight";
				INFOPLIST_KEY_UISupportedInterfaceOrientations_iPhone = "UIInterfaceOrientationPortrait UIInterfaceOrientationLandscapeLeft UIInterfaceOrientationLandscapeRight";
				IPHONEOS_DEPLOYMENT_TARGET = 14.0;
				LD_RUNPATH_SEARCH_PATHS = (
					"$(inherited)",
					"@executable_path/Frameworks",
				);
				MARKETING_VERSION = 1.0;
				PRODUCT_BUNDLE_IDENTIFIER = home.RunningAndCycling;
				PRODUCT_NAME = "$(TARGET_NAME)";
				SWIFT_EMIT_LOC_STRINGS = YES;
				SWIFT_VERSION = 5.0;
				TARGETED_DEVICE_FAMILY = "1,2";
			};
			name = Debug;
		};
		B49B85A827AB023D00C8D864 /* Release */ = {
			isa = XCBuildConfiguration;
			baseConfigurationReference = 898595D49487A80AA2A7A62C /* Pods-RunningAndCycling.release.xcconfig */;
			buildSettings = {
				ASSETCATALOG_COMPILER_APPICON_NAME = AppIcon;
				ASSETCATALOG_COMPILER_GLOBAL_ACCENT_COLOR_NAME = AccentColor;
				CODE_SIGN_STYLE = Automatic;
				CURRENT_PROJECT_VERSION = 1;
				DEVELOPMENT_TEAM = ZZK4T7Z935;
				GENERATE_INFOPLIST_FILE = YES;
				INFOPLIST_FILE = RunningAndCycling/Info.plist;
				INFOPLIST_KEY_UIApplicationSupportsIndirectInputEvents = YES;
				INFOPLIST_KEY_UILaunchStoryboardName = LaunchScreen;
				INFOPLIST_KEY_UISupportedInterfaceOrientations_iPad = "UIInterfaceOrientationPortrait UIInterfaceOrientationPortraitUpsideDown UIInterfaceOrientationLandscapeLeft UIInterfaceOrientationLandscapeRight";
				INFOPLIST_KEY_UISupportedInterfaceOrientations_iPhone = "UIInterfaceOrientationPortrait UIInterfaceOrientationLandscapeLeft UIInterfaceOrientationLandscapeRight";
				IPHONEOS_DEPLOYMENT_TARGET = 14.0;
				LD_RUNPATH_SEARCH_PATHS = (
					"$(inherited)",
					"@executable_path/Frameworks",
				);
				MARKETING_VERSION = 1.0;
				PRODUCT_BUNDLE_IDENTIFIER = home.RunningAndCycling;
				PRODUCT_NAME = "$(TARGET_NAME)";
				SWIFT_EMIT_LOC_STRINGS = YES;
				SWIFT_VERSION = 5.0;
				TARGETED_DEVICE_FAMILY = "1,2";
			};
			name = Release;
		};
/* End XCBuildConfiguration section */

/* Begin XCConfigurationList section */
		B49B858D27AB023900C8D864 /* Build configuration list for PBXProject "RunningAndCycling" */ = {
			isa = XCConfigurationList;
			buildConfigurations = (
				B49B85A427AB023D00C8D864 /* Debug */,
				B49B85A527AB023D00C8D864 /* Release */,
			);
			defaultConfigurationIsVisible = 0;
			defaultConfigurationName = Release;
		};
		B49B85A627AB023D00C8D864 /* Build configuration list for PBXNativeTarget "RunningAndCycling" */ = {
			isa = XCConfigurationList;
			buildConfigurations = (
				B49B85A727AB023D00C8D864 /* Debug */,
				B49B85A827AB023D00C8D864 /* Release */,
			);
			defaultConfigurationIsVisible = 0;
			defaultConfigurationName = Release;
		};
/* End XCConfigurationList section */

/* Begin XCRemoteSwiftPackageReference section */
		B464CF4327AFE6B0004AE9DC /* XCRemoteSwiftPackageReference "Alamofire" */ = {
			isa = XCRemoteSwiftPackageReference;
			repositoryURL = "https://github.com/Alamofire/Alamofire.git";
			requirement = {
				branch = master;
				kind = branch;
			};
		};
/* End XCRemoteSwiftPackageReference section */

/* Begin XCSwiftPackageProductDependency section */
		B464CF4427AFE6B0004AE9DC /* Alamofire */ = {
			isa = XCSwiftPackageProductDependency;
			package = B464CF4327AFE6B0004AE9DC /* XCRemoteSwiftPackageReference "Alamofire" */;
			productName = Alamofire;
		};
/* End XCSwiftPackageProductDependency section */
	};
	rootObject = B49B858A27AB023900C8D864 /* Project object */;
}
